
Microsoft Visual Studio Solution File, Format Version 12.00
# Visual Studio 15
VisualStudioVersion = 15.0.28307.271
MinimumVisualStudioVersion = 10.0.40219.1
Project("{FAE04EC0-301F-11D3-BF4B-00C04F79EFBC}") = "NewsFood.Api", "NewsFood.Api\NewsFood.Api.csproj", "{B74C3E82-57EE-4B7A-A2EB-DF61E0F7033F}"
EndProject
Project("{FAE04EC0-301F-11D3-BF4B-00C04F79EFBC}") = "NewsFood.Core", "NewsFood.Core\NewsFood.Core.csproj", "{AC0C8059-9EAB-4CE2-B93A-16C6030734FB}"
EndProject
Project("{FAE04EC0-301F-11D3-BF4B-00C04F79EFBC}") = "NewFood.Infurstructure", "NewFood.Infurstructure\NewFood.Infurstructure.csproj", "{DA988325-9C19-4B7F-9AFD-75C306A28694}"
EndProject
Global
	GlobalSection(SolutionConfigurationPlatforms) = preSolution
		Debug|Any CPU = Debug|Any CPU
		Release|Any CPU = Release|Any CPU
	EndGlobalSection
	GlobalSection(ProjectConfigurationPlatforms) = postSolution
		{B74C3E82-57EE-4B7A-A2EB-DF61E0F7033F}.Debug|Any CPU.ActiveCfg = Debug|Any CPU
		{B74C3E82-57EE-4B7A-A2EB-DF61E0F7033F}.Debug|Any CPU.Build.0 = Debug|Any CPU
		{B74C3E82-57EE-4B7A-A2EB-DF61E0F7033F}.Release|Any CPU.ActiveCfg = Release|Any CPU
		{B74C3E82-57EE-4B7A-A2EB-DF61E0F7033F}.Release|Any CPU.Build.0 = Release|Any CPU
		{AC0C8059-9EAB-4CE2-B93A-16C6030734FB}.Debug|Any CPU.ActiveCfg = Debug|Any CPU
		{AC0C8059-9EAB-4CE2-B93A-16C6030734FB}.Debug|Any CPU.Build.0 = Debug|Any CPU
		{AC0C8059-9EAB-4CE2-B93A-16C6030734FB}.Release|Any CPU.ActiveCfg = Release|Any CPU
		{AC0C8059-9EAB-4CE2-B93A-16C6030734FB}.Release|Any CPU.Build.0 = Release|Any CPU
		{DA988325-9C19-4B7F-9AFD-75C306A28694}.Debug|Any CPU.ActiveCfg = Debug|Any CPU
		{DA988325-9C19-4B7F-9AFD-75C306A28694}.Debug|Any CPU.Build.0 = Debug|Any CPU
		{DA988325-9C19-4B7F-9AFD-75C306A28694}.Release|Any CPU.ActiveCfg = Release|Any CPU
		{DA988325-9C19-4B7F-9AFD-75C306A28694}.Release|Any CPU.Build.0 = Release|Any CPU
	EndGlobalSection
	GlobalSection(SolutionProperties) = preSolution
		HideSolutionNode = FALSE
	EndGlobalSection
	GlobalSection(ExtensibilityGlobals) = postSolution
		SolutionGuid = {0568584E-4684-47A0-964E-843027FA1AF9}
	EndGlobalSection
EndGlobal
